// !$*UTF8*$!
{
	archiveVersion = 1;
	classes = {
	};
	objectVersion = 56;
	objects = {

/* Begin PBXBuildFile section */
		273440102983D0FD008EA580 /* patternsApp.swift in Sources */ = {isa = PBXBuildFile; fileRef = 2734400F2983D0FD008EA580 /* patternsApp.swift */; };
		273440122983D0FD008EA580 /* ContentView.swift in Sources */ = {isa = PBXBuildFile; fileRef = 273440112983D0FD008EA580 /* ContentView.swift */; };
		273440142983D0FE008EA580 /* Assets.xcassets in Resources */ = {isa = PBXBuildFile; fileRef = 273440132983D0FE008EA580 /* Assets.xcassets */; };
		273440172983D0FE008EA580 /* Preview Assets.xcassets in Resources */ = {isa = PBXBuildFile; fileRef = 273440162983D0FE008EA580 /* Preview Assets.xcassets */; };
		273440222983D0FF008EA580 /* patternsTests.swift in Sources */ = {isa = PBXBuildFile; fileRef = 273440212983D0FF008EA580 /* patternsTests.swift */; };
		2734402C2983D0FF008EA580 /* patternsUITests.swift in Sources */ = {isa = PBXBuildFile; fileRef = 2734402B2983D0FF008EA580 /* patternsUITests.swift */; };
		2734402E2983D0FF008EA580 /* patternsUITestsLaunchTests.swift in Sources */ = {isa = PBXBuildFile; fileRef = 2734402D2983D0FF008EA580 /* patternsUITestsLaunchTests.swift */; };
/* End PBXBuildFile section */

/* Begin PBXContainerItemProxy section */
		2734401E2983D0FF008EA580 /* PBXContainerItemProxy */ = {
			isa = PBXContainerItemProxy;
			containerPortal = 273440042983D0FD008EA580 /* Project object */;
			proxyType = 1;
			remoteGlobalIDString = 2734400B2983D0FD008EA580;
			remoteInfo = patterns;
		};
		273440282983D0FF008EA580 /* PBXContainerItemProxy */ = {
			isa = PBXContainerItemProxy;
			containerPortal = 273440042983D0FD008EA580 /* Project object */;
			proxyType = 1;
			remoteGlobalIDString = 2734400B2983D0FD008EA580;
			remoteInfo = patterns;
		};
/* End PBXContainerItemProxy section */

/* Begin PBXFileReference section */
		2734400C2983D0FD008EA580 /* patterns.app */ = {isa = PBXFileReference; explicitFileType = wrapper.application; includeInIndex = 0; path = patterns.app; sourceTree = BUILT_PRODUCTS_DIR; };
		2734400F2983D0FD008EA580 /* patternsApp.swift */ = {isa = PBXFileReference; lastKnownFileType = sourcecode.swift; path = patternsApp.swift; sourceTree = "<group>"; };
		273440112983D0FD008EA580 /* ContentView.swift */ = {isa = PBXFileReference; lastKnownFileType = sourcecode.swift; path = ContentView.swift; sourceTree = "<group>"; };
		273440132983D0FE008EA580 /* Assets.xcassets */ = {isa = PBXFileReference; lastKnownFileType = folder.assetcatalog; path = Assets.xcassets; sourceTree = "<group>"; };
		273440162983D0FE008EA580 /* Preview Assets.xcassets */ = {isa = PBXFileReference; lastKnownFileType = folder.assetcatalog; path = "Preview Assets.xcassets"; sourceTree = "<group>"; };
		273440182983D0FE008EA580 /* patterns.entitlements */ = {isa = PBXFileReference; lastKnownFileType = text.plist.entitlements; path = patterns.entitlements; sourceTree = "<group>"; };
		2734401D2983D0FF008EA580 /* patternsTests.xctest */ = {isa = PBXFileReference; explicitFileType = wrapper.cfbundle; includeInIndex = 0; path = patternsTests.xctest; sourceTree = BUILT_PRODUCTS_DIR; };
		273440212983D0FF008EA580 /* patternsTests.swift */ = {isa = PBXFileReference; lastKnownFileType = sourcecode.swift; path = patternsTests.swift; sourceTree = "<group>"; };
		273440272983D0FF008EA580 /* patternsUITests.xctest */ = {isa = PBXFileReference; explicitFileType = wrapper.cfbundle; includeInIndex = 0; path = patternsUITests.xctest; sourceTree = BUILT_PRODUCTS_DIR; };
		2734402B2983D0FF008EA580 /* patternsUITests.swift */ = {isa = PBXFileReference; lastKnownFileType = sourcecode.swift; path = patternsUITests.swift; sourceTree = "<group>"; };
		2734402D2983D0FF008EA580 /* patternsUITestsLaunchTests.swift */ = {isa = PBXFileReference; lastKnownFileType = sourcecode.swift; path = patternsUITestsLaunchTests.swift; sourceTree = "<group>"; };
		2734403A2983D214008EA580 /* CHANGELOG.md */ = {isa = PBXFileReference; lastKnownFileType = net.daringfireball.markdown; path = CHANGELOG.md; sourceTree = "<group>"; };
/* End PBXFileReference section */

/* Begin PBXFrameworksBuildPhase section */
		273440092983D0FD008EA580 /* Frameworks */ = {
			isa = PBXFrameworksBuildPhase;
			buildActionMask = 2147483647;
			files = (
			);
			runOnlyForDeploymentPostprocessing = 0;
		};
		2734401A2983D0FF008EA580 /* Frameworks */ = {
			isa = PBXFrameworksBuildPhase;
			buildActionMask = 2147483647;
			files = (
			);
			runOnlyForDeploymentPostprocessing = 0;
		};
		273440242983D0FF008EA580 /* Frameworks */ = {
			isa = PBXFrameworksBuildPhase;
			buildActionMask = 2147483647;
			files = (
			);
			runOnlyForDeploymentPostprocessing = 0;
		};
/* End PBXFrameworksBuildPhase section */

/* Begin PBXGroup section */
		273440032983D0FD008EA580 = {
			isa = PBXGroup;
			children = (
				2734403A2983D214008EA580 /* CHANGELOG.md */,
				2734400E2983D0FD008EA580 /* patterns */,
				273440202983D0FF008EA580 /* patternsTests */,
				2734402A2983D0FF008EA580 /* patternsUITests */,
				2734400D2983D0FD008EA580 /* Products */,
			);
			sourceTree = "<group>";
		};
		2734400D2983D0FD008EA580 /* Products */ = {
			isa = PBXGroup;
			children = (
				2734400C2983D0FD008EA580 /* patterns.app */,
				2734401D2983D0FF008EA580 /* patternsTests.xctest */,
				273440272983D0FF008EA580 /* patternsUITests.xctest */,
			);
			name = Products;
			sourceTree = "<group>";
		};
		2734400E2983D0FD008EA580 /* patterns */ = {
			isa = PBXGroup;
			children = (
				2734400F2983D0FD008EA580 /* patternsApp.swift */,
				273440112983D0FD008EA580 /* ContentView.swift */,
				273440132983D0FE008EA580 /* Assets.xcassets */,
				273440182983D0FE008EA580 /* patterns.entitlements */,
				273440152983D0FE008EA580 /* Preview Content */,
			);
			path = patterns;
			sourceTree = "<group>";
		};
		273440152983D0FE008EA580 /* Preview Content */ = {
			isa = PBXGroup;
			children = (
				273440162983D0FE008EA580 /* Preview Assets.xcassets */,
			);
			path = "Preview Content";
			sourceTree = "<group>";
		};
		273440202983D0FF008EA580 /* patternsTests */ = {
			isa = PBXGroup;
			children = (
				273440212983D0FF008EA580 /* patternsTests.swift */,
			);
			path = patternsTests;
			sourceTree = "<group>";
		};
		2734402A2983D0FF008EA580 /* patternsUITests */ = {
			isa = PBXGroup;
			children = (
				2734402B2983D0FF008EA580 /* patternsUITests.swift */,
				2734402D2983D0FF008EA580 /* patternsUITestsLaunchTests.swift */,
			);
			path = patternsUITests;
			sourceTree = "<group>";
		};
/* End PBXGroup section */

/* Begin PBXNativeTarget section */
		2734400B2983D0FD008EA580 /* patterns */ = {
			isa = PBXNativeTarget;
			buildConfigurationList = 273440312983D0FF008EA580 /* Build configuration list for PBXNativeTarget "patterns" */;
			buildPhases = (
				273440082983D0FD008EA580 /* Sources */,
				273440092983D0FD008EA580 /* Frameworks */,
				2734400A2983D0FD008EA580 /* Resources */,
			);
			buildRules = (
			);
			dependencies = (
			);
			name = patterns;
			productName = patterns;
			productReference = 2734400C2983D0FD008EA580 /* patterns.app */;
			productType = "com.apple.product-type.application";
		};
		2734401C2983D0FF008EA580 /* patternsTests */ = {
			isa = PBXNativeTarget;
			buildConfigurationList = 273440342983D0FF008EA580 /* Build configuration list for PBXNativeTarget "patternsTests" */;
			buildPhases = (
				273440192983D0FF008EA580 /* Sources */,
				2734401A2983D0FF008EA580 /* Frameworks */,
				2734401B2983D0FF008EA580 /* Resources */,
			);
			buildRules = (
			);
			dependencies = (
				2734401F2983D0FF008EA580 /* PBXTargetDependency */,
			);
			name = patternsTests;
			productName = patternsTests;
			productReference = 2734401D2983D0FF008EA580 /* patternsTests.xctest */;
			productType = "com.apple.product-type.bundle.unit-test";
		};
		273440262983D0FF008EA580 /* patternsUITests */ = {
			isa = PBXNativeTarget;
			buildConfigurationList = 273440372983D0FF008EA580 /* Build configuration list for PBXNativeTarget "patternsUITests" */;
			buildPhases = (
				273440232983D0FF008EA580 /* Sources */,
				273440242983D0FF008EA580 /* Frameworks */,
				273440252983D0FF008EA580 /* Resources */,
			);
			buildRules = (
			);
			dependencies = (
				273440292983D0FF008EA580 /* PBXTargetDependency */,
			);
			name = patternsUITests;
			productName = patternsUITests;
			productReference = 273440272983D0FF008EA580 /* patternsUITests.xctest */;
			productType = "com.apple.product-type.bundle.ui-testing";
		};
/* End PBXNativeTarget section */

/* Begin PBXProject section */
		273440042983D0FD008EA580 /* Project object */ = {
			isa = PBXProject;
			attributes = {
				BuildIndependentTargetsInParallel = 1;
				LastSwiftUpdateCheck = 1410;
				LastUpgradeCheck = 1410;
				TargetAttributes = {
					2734400B2983D0FD008EA580 = {
						CreatedOnToolsVersion = 14.1;
					};
					2734401C2983D0FF008EA580 = {
						CreatedOnToolsVersion = 14.1;
						TestTargetID = 2734400B2983D0FD008EA580;
					};
					273440262983D0FF008EA580 = {
						CreatedOnToolsVersion = 14.1;
						TestTargetID = 2734400B2983D0FD008EA580;
					};
				};
			};
			buildConfigurationList = 273440072983D0FD008EA580 /* Build configuration list for PBXProject "patterns" */;
			compatibilityVersion = "Xcode 14.0";
			developmentRegion = en;
			hasScannedForEncodings = 0;
			knownRegions = (
				en,
				Base,
			);
			mainGroup = 273440032983D0FD008EA580;
			productRefGroup = 2734400D2983D0FD008EA580 /* Products */;
			projectDirPath = "";
			projectRoot = "";
			targets = (
				2734400B2983D0FD008EA580 /* patterns */,
				2734401C2983D0FF008EA580 /* patternsTests */,
				273440262983D0FF008EA580 /* patternsUITests */,
			);
		};
/* End PBXProject section */

/* Begin PBXResourcesBuildPhase section */
		2734400A2983D0FD008EA580 /* Resources */ = {
			isa = PBXResourcesBuildPhase;
			buildActionMask = 2147483647;
			files = (
				273440172983D0FE008EA580 /* Preview Assets.xcassets in Resources */,
				273440142983D0FE008EA580 /* Assets.xcassets in Resources */,
			);
			runOnlyForDeploymentPostprocessing = 0;
		};
		2734401B2983D0FF008EA580 /* Resources */ = {
			isa = PBXResourcesBuildPhase;
			buildActionMask = 2147483647;
			files = (
			);
			runOnlyForDeploymentPostprocessing = 0;
		};
		273440252983D0FF008EA580 /* Resources */ = {
			isa = PBXResourcesBuildPhase;
			buildActionMask = 2147483647;
			files = (
			);
			runOnlyForDeploymentPostprocessing = 0;
		};
/* End PBXResourcesBuildPhase section */

/* Begin PBXSourcesBuildPhase section */
		273440082983D0FD008EA580 /* Sources */ = {
			isa = PBXSourcesBuildPhase;
			buildActionMask = 2147483647;
			files = (
				273440122983D0FD008EA580 /* ContentView.swift in Sources */,
				273440102983D0FD008EA580 /* patternsApp.swift in Sources */,
			);
			runOnlyForDeploymentPostprocessing = 0;
		};
		273440192983D0FF008EA580 /* Sources */ = {
			isa = PBXSourcesBuildPhase;
			buildActionMask = 2147483647;
			files = (
				273440222983D0FF008EA580 /* patternsTests.swift in Sources */,
			);
			runOnlyForDeploymentPostprocessing = 0;
		};
		273440232983D0FF008EA580 /* Sources */ = {
			isa = PBXSourcesBuildPhase;
			buildActionMask = 2147483647;
			files = (
				2734402E2983D0FF008EA580 /* patternsUITestsLaunchTests.swift in Sources */,
				2734402C2983D0FF008EA580 /* patternsUITests.swift in Sources */,
			);
			runOnlyForDeploymentPostprocessing = 0;
		};
/* End PBXSourcesBuildPhase section */

/* Begin PBXTargetDependency section */
		2734401F2983D0FF008EA580 /* PBXTargetDependency */ = {
			isa = PBXTargetDependency;
			target = 2734400B2983D0FD008EA580 /* patterns */;
			targetProxy = 2734401E2983D0FF008EA580 /* PBXContainerItemProxy */;
		};
		273440292983D0FF008EA580 /* PBXTargetDependency */ = {
			isa = PBXTargetDependency;
			target = 2734400B2983D0FD008EA580 /* patterns */;
			targetProxy = 273440282983D0FF008EA580 /* PBXContainerItemProxy */;
		};
/* End PBXTargetDependency section */

/* Begin XCBuildConfiguration section */
		2734402F2983D0FF008EA580 /* Debug */ = {
			isa = XCBuildConfiguration;
			buildSettings = {
				ALWAYS_SEARCH_USER_PATHS = NO;
				CLANG_ANALYZER_NONNULL = YES;
				CLANG_ANALYZER_NUMBER_OBJECT_CONVERSION = YES_AGGRESSIVE;
				CLANG_CXX_LANGUAGE_STANDARD = "gnu++20";
				CLANG_ENABLE_MODULES = YES;
				CLANG_ENABLE_OBJC_ARC = YES;
				CLANG_ENABLE_OBJC_WEAK = YES;
				CLANG_WARN_BLOCK_CAPTURE_AUTORELEASING = YES;
				CLANG_WARN_BOOL_CONVERSION = YES;
				CLANG_WARN_COMMA = YES;
				CLANG_WARN_CONSTANT_CONVERSION = YES;
				CLANG_WARN_DEPRECATED_OBJC_IMPLEMENTATIONS = YES;
				CLANG_WARN_DIRECT_OBJC_ISA_USAGE = YES_ERROR;
				CLANG_WARN_DOCUMENTATION_COMMENTS = YES;
				CLANG_WARN_EMPTY_BODY = YES;
				CLANG_WARN_ENUM_CONVERSION = YES;
				CLANG_WARN_INFINITE_RECURSION = YES;
				CLANG_WARN_INT_CONVERSION = YES;
				CLANG_WARN_NON_LITERAL_NULL_CONVERSION = YES;
				CLANG_WARN_OBJC_IMPLICIT_RETAIN_SELF = YES;
				CLANG_WARN_OBJC_LITERAL_CONVERSION = YES;
				CLANG_WARN_OBJC_ROOT_CLASS = YES_ERROR;
				CLANG_WARN_QUOTED_INCLUDE_IN_FRAMEWORK_HEADER = YES;
				CLANG_WARN_RANGE_LOOP_ANALYSIS = YES;
				CLANG_WARN_STRICT_PROTOTYPES = YES;
				CLANG_WARN_SUSPICIOUS_MOVE = YES;
				CLANG_WARN_UNGUARDED_AVAILABILITY = YES_AGGRESSIVE;
				CLANG_WARN_UNREACHABLE_CODE = YES;
				CLANG_WARN__DUPLICATE_METHOD_MATCH = YES;
				COPY_PHASE_STRIP = NO;
				DEBUG_INFORMATION_FORMAT = dwarf;
				ENABLE_STRICT_OBJC_MSGSEND = YES;
				ENABLE_TESTABILITY = YES;
				GCC_C_LANGUAGE_STANDARD = gnu11;
				GCC_DYNAMIC_NO_PIC = NO;
				GCC_NO_COMMON_BLOCKS = YES;
				GCC_OPTIMIZATION_LEVEL = 0;
				GCC_PREPROCESSOR_DEFINITIONS = (
					"DEBUG=1",
					"$(inherited)",
				);
				GCC_WARN_64_TO_32_BIT_CONVERSION = YES;
				GCC_WARN_ABOUT_RETURN_TYPE = YES_ERROR;
				GCC_WARN_UNDECLARED_SELECTOR = YES;
				GCC_WARN_UNINITIALIZED_AUTOS = YES_AGGRESSIVE;
				GCC_WARN_UNUSED_FUNCTION = YES;
				GCC_WARN_UNUSED_VARIABLE = YES;
				MACOSX_DEPLOYMENT_TARGET = 13.0;
				MTL_ENABLE_DEBUG_INFO = INCLUDE_SOURCE;
				MTL_FAST_MATH = YES;
				ONLY_ACTIVE_ARCH = YES;
				SDKROOT = macosx;
				SWIFT_ACTIVE_COMPILATION_CONDITIONS = DEBUG;
				SWIFT_OPTIMIZATION_LEVEL = "-Onone";
			};
			name = Debug;
		};
		273440302983D0FF008EA580 /* Release */ = {
			isa = XCBuildConfiguration;
			buildSettings = {
				ALWAYS_SEARCH_USER_PATHS = NO;
				CLANG_ANALYZER_NONNULL = YES;
				CLANG_ANALYZER_NUMBER_OBJECT_CONVERSION = YES_AGGRESSIVE;
				CLANG_CXX_LANGUAGE_STANDARD = "gnu++20";
				CLANG_ENABLE_MODULES = YES;
				CLANG_ENABLE_OBJC_ARC = YES;
				CLANG_ENABLE_OBJC_WEAK = YES;
				CLANG_WARN_BLOCK_CAPTURE_AUTORELEASING = YES;
				CLANG_WARN_BOOL_CONVERSION = YES;
				CLANG_WARN_COMMA = YES;
				CLANG_WARN_CONSTANT_CONVERSION = YES;
				CLANG_WARN_DEPRECATED_OBJC_IMPLEMENTATIONS = YES;
				CLANG_WARN_DIRECT_OBJC_ISA_USAGE = YES_ERROR;
				CLANG_WARN_DOCUMENTATION_COMMENTS = YES;
				CLANG_WARN_EMPTY_BODY = YES;
				CLANG_WARN_ENUM_CONVERSION = YES;
				CLANG_WARN_INFINITE_RECURSION = YES;
				CLANG_WARN_INT_CONVERSION = YES;
				CLANG_WARN_NON_LITERAL_NULL_CONVERSION = YES;
				CLANG_WARN_OBJC_IMPLICIT_RETAIN_SELF = YES;
				CLANG_WARN_OBJC_LITERAL_CONVERSION = YES;
				CLANG_WARN_OBJC_ROOT_CLASS = YES_ERROR;
				CLANG_WARN_QUOTED_INCLUDE_IN_FRAMEWORK_HEADER = YES;
				CLANG_WARN_RANGE_LOOP_ANALYSIS = YES;
				CLANG_WARN_STRICT_PROTOTYPES = YES;
				CLANG_WARN_SUSPICIOUS_MOVE = YES;
				CLANG_WARN_UNGUARDED_AVAILABILITY = YES_AGGRESSIVE;
				CLANG_WARN_UNREACHABLE_CODE = YES;
				CLANG_WARN__DUPLICATE_METHOD_MATCH = YES;
				COPY_PHASE_STRIP = NO;
				DEBUG_INFORMATION_FORMAT = "dwarf-with-dsym";
				ENABLE_NS_ASSERTIONS = NO;
				ENABLE_STRICT_OBJC_MSGSEND = YES;
				GCC_C_LANGUAGE_STANDARD = gnu11;
				GCC_NO_COMMON_BLOCKS = YES;
				GCC_WARN_64_TO_32_BIT_CONVERSION = YES;
				GCC_WARN_ABOUT_RETURN_TYPE = YES_ERROR;
				GCC_WARN_UNDECLARED_SELECTOR = YES;
				GCC_WARN_UNINITIALIZED_AUTOS = YES_AGGRESSIVE;
				GCC_WARN_UNUSED_FUNCTION = YES;
				GCC_WARN_UNUSED_VARIABLE = YES;
				MACOSX_DEPLOYMENT_TARGET = 13.0;
				MTL_ENABLE_DEBUG_INFO = NO;
				MTL_FAST_MATH = YES;
				SDKROOT = macosx;
				SWIFT_COMPILATION_MODE = wholemodule;
				SWIFT_OPTIMIZATION_LEVEL = "-O";
			};
			name = Release;
		};
		273440322983D0FF008EA580 /* Debug */ = {
			isa = XCBuildConfiguration;
			buildSettings = {
				ASSETCATALOG_COMPILER_APPICON_NAME = AppIcon;
				ASSETCATALOG_COMPILER_GLOBAL_ACCENT_COLOR_NAME = AccentColor;
				CODE_SIGN_ENTITLEMENTS = patterns/patterns.entitlements;
				CODE_SIGN_STYLE = Automatic;
				COMBINE_HIDPI_IMAGES = YES;
				CURRENT_PROJECT_VERSION = 1;
				DEVELOPMENT_ASSET_PATHS = "\"patterns/Preview Content\"";
				ENABLE_PREVIEWS = YES;
				GENERATE_INFOPLIST_FILE = YES;
				INFOPLIST_KEY_NSHumanReadableCopyright = "";
				LD_RUNPATH_SEARCH_PATHS = (
					"$(inherited)",
					"@executable_path/../Frameworks",
				);
				MARKETING_VERSION = 1.0;
				PRODUCT_BUNDLE_IDENTIFIER = com.example.patterns;
				PRODUCT_NAME = "$(TARGET_NAME)";
				SWIFT_EMIT_LOC_STRINGS = YES;
				SWIFT_VERSION = 5.0;
			};
			name = Debug;
		};
		273440332983D0FF008EA580 /* Release */ = {
			isa = XCBuildConfiguration;
			buildSettings = {
				ASSETCATALOG_COMPILER_APPICON_NAME = AppIcon;
				ASSETCATALOG_COMPILER_GLOBAL_ACCENT_COLOR_NAME = AccentColor;
				CODE_SIGN_ENTITLEMENTS = patterns/patterns.entitlements;
				CODE_SIGN_STYLE = Automatic;
				COMBINE_HIDPI_IMAGES = YES;
				CURRENT_PROJECT_VERSION = 1;
				DEVELOPMENT_ASSET_PATHS = "\"patterns/Preview Content\"";
				ENABLE_PREVIEWS = YES;
				GENERATE_INFOPLIST_FILE = YES;
				INFOPLIST_KEY_NSHumanReadableCopyright = "";
				LD_RUNPATH_SEARCH_PATHS = (
					"$(inherited)",
					"@executable_path/../Frameworks",
				);
				MARKETING_VERSION = 1.0;
				PRODUCT_BUNDLE_IDENTIFIER = com.example.patterns;
				PRODUCT_NAME = "$(TARGET_NAME)";
				SWIFT_EMIT_LOC_STRINGS = YES;
				SWIFT_VERSION = 5.0;
			};
			name = Release;
		};
		273440352983D0FF008EA580 /* Debug */ = {
			isa = XCBuildConfiguration;
			buildSettings = {
				ALWAYS_EMBED_SWIFT_STANDARD_LIBRARIES = YES;
				BUNDLE_LOADER = "$(TEST_HOST)";
				CODE_SIGN_STYLE = Automatic;
				CURRENT_PROJECT_VERSION = 1;
				GENERATE_INFOPLIST_FILE = YES;
				MACOSX_DEPLOYMENT_TARGET = 13.0;
				MARKETING_VERSION = 1.0;
				PRODUCT_BUNDLE_IDENTIFIER = com.example.patternsTests;
				PRODUCT_NAME = "$(TARGET_NAME)";
				SWIFT_EMIT_LOC_STRINGS = NO;
				SWIFT_VERSION = 5.0;
				TEST_HOST = "$(BUILT_PRODUCTS_DIR)/patterns.app/$(BUNDLE_EXECUTABLE_FOLDER_PATH)/patterns";
			};
			name = Debug;
		};
		273440362983D0FF008EA580 /* Release */ = {
			isa = XCBuildConfiguration;
			buildSettings = {
				ALWAYS_EMBED_SWIFT_STANDARD_LIBRARIES = YES;
				BUNDLE_LOADER = "$(TEST_HOST)";
				CODE_SIGN_STYLE = Automatic;
				CURRENT_PROJECT_VERSION = 1;
				GENERATE_INFOPLIST_FILE = YES;
				MACOSX_DEPLOYMENT_TARGET = 13.0;
				MARKETING_VERSION = 1.0;
				PRODUCT_BUNDLE_IDENTIFIER = com.example.patternsTests;
				PRODUCT_NAME = "$(TARGET_NAME)";
				SWIFT_EMIT_LOC_STRINGS = NO;
				SWIFT_VERSION = 5.0;
				TEST_HOST = "$(BUILT_PRODUCTS_DIR)/patterns.app/$(BUNDLE_EXECUTABLE_FOLDER_PATH)/patterns";
			};
			name = Release;
		};
		273440382983D0FF008EA580 /* Debug */ = {
			isa = XCBuildConfiguration;
			buildSettings = {
				ALWAYS_EMBED_SWIFT_STANDARD_LIBRARIES = YES;
				CODE_SIGN_STYLE = Automatic;
				CURRENT_PROJECT_VERSION = 1;
				GENERATE_INFOPLIST_FILE = YES;
				MARKETING_VERSION = 1.0;
				PRODUCT_BUNDLE_IDENTIFIER = com.example.patternsUITests;
				PRODUCT_NAME = "$(TARGET_NAME)";
				SWIFT_EMIT_LOC_STRINGS = NO;
				SWIFT_VERSION = 5.0;
				TEST_TARGET_NAME = patterns;
			};
			name = Debug;
		};
		273440392983D0FF008EA580 /* Release */ = {
			isa = XCBuildConfiguration;
			buildSettings = {
				ALWAYS_EMBED_SWIFT_STANDARD_LIBRARIES = YES;
				CODE_SIGN_STYLE = Automatic;
				CURRENT_PROJECT_VERSION = 1;
				GENERATE_INFOPLIST_FILE = YES;
				MARKETING_VERSION = 1.0;
				PRODUCT_BUNDLE_IDENTIFIER = com.example.patternsUITests;
				PRODUCT_NAME = "$(TARGET_NAME)";
				SWIFT_EMIT_LOC_STRINGS = NO;
				SWIFT_VERSION = 5.0;
				TEST_TARGET_NAME = patterns;
			};
			name = Release;
		};
/* End XCBuildConfiguration section */

/* Begin XCConfigurationList section */
		273440072983D0FD008EA580 /* Build configuration list for PBXProject "patterns" */ = {
			isa = XCConfigurationList;
			buildConfigurations = (
				2734402F2983D0FF008EA580 /* Debug */,
				273440302983D0FF008EA580 /* Release */,
			);
			defaultConfigurationIsVisible = 0;
			defaultConfigurationName = Release;
		};
		273440312983D0FF008EA580 /* Build configuration list for PBXNativeTarget "patterns" */ = {
			isa = XCConfigurationList;
			buildConfigurations = (
				273440322983D0FF008EA580 /* Debug */,
				273440332983D0FF008EA580 /* Release */,
			);
			defaultConfigurationIsVisible = 0;
			defaultConfigurationName = Release;
		};
		273440342983D0FF008EA580 /* Build configuration list for PBXNativeTarget "patternsTests" */ = {
			isa = XCConfigurationList;
			buildConfigurations = (
				273440352983D0FF008EA580 /* Debug */,
				273440362983D0FF008EA580 /* Release */,
			);
			defaultConfigurationIsVisible = 0;
			defaultConfigurationName = Release;
		};
		273440372983D0FF008EA580 /* Build configuration list for PBXNativeTarget "patternsUITests" */ = {
			isa = XCConfigurationList;
			buildConfigurations = (
				273440382983D0FF008EA580 /* Debug */,
				273440392983D0FF008EA580 /* Release */,
			);
			defaultConfigurationIsVisible = 0;
			defaultConfigurationName = Release;
		};
/* End XCConfigurationList section */
	};
	rootObject = 273440042983D0FD008EA580 /* Project object */;
}
